{
  "pins" : [
    {
      "identity" : "sdwebimage",
      "kind" : "remoteSourceControl",
      "location" : "https://github.com/SDWebImage/SDWebImage.git",
      "state" : {
        "branch" : "master",
        "revision" : "14b36f8096ac14785c3fc556a3b71e14a9022384"
      }
    }
  ],
  "version" : 2
}
